// !$*UTF8*$!
{
	archiveVersion = 1;
	classes = {
	};
	objectVersion = 56;
	objects = {

/* Begin PBXBuildFile section */
		8109C9752A7C4BA10096DD64 /* SplashView.swift in Sources */ = {isa = PBXBuildFile; fileRef = 8109C9742A7C4BA10096DD64 /* SplashView.swift */; };
		8109C9772A7C67040096DD64 /* KeyView.swift in Sources */ = {isa = PBXBuildFile; fileRef = 8109C9762A7C67040096DD64 /* KeyView.swift */; };
		8109C9792A7C67850096DD64 /* ColorLibrary.swift in Sources */ = {isa = PBXBuildFile; fileRef = 8109C9782A7C67850096DD64 /* ColorLibrary.swift */; };
		8109C97B2A7C6C970096DD64 /* Handlee-Regular.ttf in Resources */ = {isa = PBXBuildFile; fileRef = 8109C97A2A7C6C970096DD64 /* Handlee-Regular.ttf */; };
		81924D972A26390100BDA309 /* XylophoneApp.swift in Sources */ = {isa = PBXBuildFile; fileRef = 81924D962A26390100BDA309 /* XylophoneApp.swift */; };
		81924D992A26390100BDA309 /* ContentView.swift in Sources */ = {isa = PBXBuildFile; fileRef = 81924D982A26390100BDA309 /* ContentView.swift */; };
		81924D9B2A26390300BDA309 /* Assets.xcassets in Resources */ = {isa = PBXBuildFile; fileRef = 81924D9A2A26390300BDA309 /* Assets.xcassets */; };
		81924D9E2A26390300BDA309 /* Preview Assets.xcassets in Resources */ = {isa = PBXBuildFile; fileRef = 81924D9D2A26390300BDA309 /* Preview Assets.xcassets */; };
		81924DAC2A26397400BDA309 /* A.wav in Resources */ = {isa = PBXBuildFile; fileRef = 81924DA52A26397300BDA309 /* A.wav */; };
		81924DAD2A26397400BDA309 /* B.wav in Resources */ = {isa = PBXBuildFile; fileRef = 81924DA62A26397300BDA309 /* B.wav */; };
		81924DAE2A26397400BDA309 /* C.wav in Resources */ = {isa = PBXBuildFile; fileRef = 81924DA72A26397300BDA309 /* C.wav */; };
		81924DAF2A26397400BDA309 /* D.wav in Resources */ = {isa = PBXBuildFile; fileRef = 81924DA82A26397300BDA309 /* D.wav */; };
		81924DB02A26397400BDA309 /* E.wav in Resources */ = {isa = PBXBuildFile; fileRef = 81924DA92A26397300BDA309 /* E.wav */; };
		81924DB12A26397400BDA309 /* F.wav in Resources */ = {isa = PBXBuildFile; fileRef = 81924DAA2A26397300BDA309 /* F.wav */; };
		81924DB22A26397400BDA309 /* G.wav in Resources */ = {isa = PBXBuildFile; fileRef = 81924DAB2A26397300BDA309 /* G.wav */; };
		81924DB42A26454500BDA309 /* AudioManager.swift in Sources */ = {isa = PBXBuildFile; fileRef = 81924DB32A26454500BDA309 /* AudioManager.swift */; };
/* End PBXBuildFile section */

/* Begin PBXFileReference section */
		8109C9742A7C4BA10096DD64 /* SplashView.swift */ = {isa = PBXFileReference; lastKnownFileType = sourcecode.swift; path = SplashView.swift; sourceTree = "<group>"; };
		8109C9762A7C67040096DD64 /* KeyView.swift */ = {isa = PBXFileReference; lastKnownFileType = sourcecode.swift; path = KeyView.swift; sourceTree = "<group>"; };
		8109C9782A7C67850096DD64 /* ColorLibrary.swift */ = {isa = PBXFileReference; lastKnownFileType = sourcecode.swift; path = ColorLibrary.swift; sourceTree = "<group>"; };
		8109C97A2A7C6C970096DD64 /* Handlee-Regular.ttf */ = {isa = PBXFileReference; lastKnownFileType = file; path = "Handlee-Regular.ttf"; sourceTree = "<group>"; };
		8109C97C2A7C6CB20096DD64 /* Info.plist */ = {isa = PBXFileReference; lastKnownFileType = text.plist; path = Info.plist; sourceTree = "<group>"; };
		81924D932A26390100BDA309 /* Xylophone.app */ = {isa = PBXFileReference; explicitFileType = wrapper.application; includeInIndex = 0; path = Xylophone.app; sourceTree = BUILT_PRODUCTS_DIR; };
		81924D962A26390100BDA309 /* XylophoneApp.swift */ = {isa = PBXFileReference; lastKnownFileType = sourcecode.swift; path = XylophoneApp.swift; sourceTree = "<group>"; };
		81924D982A26390100BDA309 /* ContentView.swift */ = {isa = PBXFileReference; lastKnownFileType = sourcecode.swift; path = ContentView.swift; sourceTree = "<group>"; };
		81924D9A2A26390300BDA309 /* Assets.xcassets */ = {isa = PBXFileReference; lastKnownFileType = folder.assetcatalog; path = Assets.xcassets; sourceTree = "<group>"; };
		81924D9D2A26390300BDA309 /* Preview Assets.xcassets */ = {isa = PBXFileReference; lastKnownFileType = folder.assetcatalog; path = "Preview Assets.xcassets"; sourceTree = "<group>"; };
		81924DA52A26397300BDA309 /* A.wav */ = {isa = PBXFileReference; lastKnownFileType = audio.wav; path = A.wav; sourceTree = "<group>"; };
		81924DA62A26397300BDA309 /* B.wav */ = {isa = PBXFileReference; lastKnownFileType = audio.wav; path = B.wav; sourceTree = "<group>"; };
		81924DA72A26397300BDA309 /* C.wav */ = {isa = PBXFileReference; lastKnownFileType = audio.wav; path = C.wav; sourceTree = "<group>"; };
		81924DA82A26397300BDA309 /* D.wav */ = {isa = PBXFileReference; lastKnownFileType = audio.wav; path = D.wav; sourceTree = "<group>"; };
		81924DA92A26397300BDA309 /* E.wav */ = {isa = PBXFileReference; lastKnownFileType = audio.wav; path = E.wav; sourceTree = "<group>"; };
		81924DAA2A26397300BDA309 /* F.wav */ = {isa = PBXFileReference; lastKnownFileType = audio.wav; path = F.wav; sourceTree = "<group>"; };
		81924DAB2A26397300BDA309 /* G.wav */ = {isa = PBXFileReference; lastKnownFileType = audio.wav; path = G.wav; sourceTree = "<group>"; };
		81924DB32A26454500BDA309 /* AudioManager.swift */ = {isa = PBXFileReference; lastKnownFileType = sourcecode.swift; path = AudioManager.swift; sourceTree = "<group>"; };
/* End PBXFileReference section */

/* Begin PBXFrameworksBuildPhase section */
		81924D902A26390100BDA309 /* Frameworks */ = {
			isa = PBXFrameworksBuildPhase;
			buildActionMask = 2147483647;
			files = (
			);
			runOnlyForDeploymentPostprocessing = 0;
		};
/* End PBXFrameworksBuildPhase section */

/* Begin PBXGroup section */
		81924D8A2A26390100BDA309 = {
			isa = PBXGroup;
			children = (
				81924D952A26390100BDA309 /* Xylophone */,
				81924D942A26390100BDA309 /* Products */,
			);
			sourceTree = "<group>";
		};
		81924D942A26390100BDA309 /* Products */ = {
			isa = PBXGroup;
			children = (
				81924D932A26390100BDA309 /* Xylophone.app */,
			);
			name = Products;
			sourceTree = "<group>";
		};
		81924D952A26390100BDA309 /* Xylophone */ = {
			isa = PBXGroup;
			children = (
				8109C97C2A7C6CB20096DD64 /* Info.plist */,
				81924D962A26390100BDA309 /* XylophoneApp.swift */,
				81924DB32A26454500BDA309 /* AudioManager.swift */,
				81924D982A26390100BDA309 /* ContentView.swift */,
				8109C9782A7C67850096DD64 /* ColorLibrary.swift */,
				8109C97A2A7C6C970096DD64 /* Handlee-Regular.ttf */,
				8109C9762A7C67040096DD64 /* KeyView.swift */,
				8109C9742A7C4BA10096DD64 /* SplashView.swift */,
				81924D9A2A26390300BDA309 /* Assets.xcassets */,
				81924DA42A26397300BDA309 /* Sounds */,
				81924D9C2A26390300BDA309 /* Preview Content */,
			);
			path = Xylophone;
			sourceTree = "<group>";
		};
		81924D9C2A26390300BDA309 /* Preview Content */ = {
			isa = PBXGroup;
			children = (
				81924D9D2A26390300BDA309 /* Preview Assets.xcassets */,
			);
			path = "Preview Content";
			sourceTree = "<group>";
		};
		81924DA42A26397300BDA309 /* Sounds */ = {
			isa = PBXGroup;
			children = (
				81924DA52A26397300BDA309 /* A.wav */,
				81924DA62A26397300BDA309 /* B.wav */,
				81924DA72A26397300BDA309 /* C.wav */,
				81924DA82A26397300BDA309 /* D.wav */,
				81924DA92A26397300BDA309 /* E.wav */,
				81924DAA2A26397300BDA309 /* F.wav */,
				81924DAB2A26397300BDA309 /* G.wav */,
			);
			path = Sounds;
			sourceTree = "<group>";
		};
/* End PBXGroup section */

/* Begin PBXNativeTarget section */
		81924D922A26390100BDA309 /* Xylophone */ = {
			isa = PBXNativeTarget;
			buildConfigurationList = 81924DA12A26390300BDA309 /* Build configuration list for PBXNativeTarget "Xylophone" */;
			buildPhases = (
				81924D8F2A26390100BDA309 /* Sources */,
				81924D902A26390100BDA309 /* Frameworks */,
				81924D912A26390100BDA309 /* Resources */,
				8121C85D2A4E3D4B00CF105A /* SwiftLint */,
			);
			buildRules = (
			);
			dependencies = (
			);
			name = Xylophone;
			productName = Xylophone;
			productReference = 81924D932A26390100BDA309 /* Xylophone.app */;
			productType = "com.apple.product-type.application";
		};
/* End PBXNativeTarget section */

/* Begin PBXProject section */
		81924D8B2A26390100BDA309 /* Project object */ = {
			isa = PBXProject;
			attributes = {
				BuildIndependentTargetsInParallel = 1;
				LastSwiftUpdateCheck = 1430;
				LastUpgradeCheck = 1430;
				TargetAttributes = {
					81924D922A26390100BDA309 = {
						CreatedOnToolsVersion = 14.3;
					};
				};
			};
			buildConfigurationList = 81924D8E2A26390100BDA309 /* Build configuration list for PBXProject "Xylophone" */;
			compatibilityVersion = "Xcode 14.0";
			developmentRegion = en;
			hasScannedForEncodings = 0;
			knownRegions = (
				en,
				Base,
			);
			mainGroup = 81924D8A2A26390100BDA309;
			productRefGroup = 81924D942A26390100BDA309 /* Products */;
			projectDirPath = "";
			projectRoot = "";
			targets = (
				81924D922A26390100BDA309 /* Xylophone */,
			);
		};
/* End PBXProject section */

/* Begin PBXResourcesBuildPhase section */
		81924D912A26390100BDA309 /* Resources */ = {
			isa = PBXResourcesBuildPhase;
			buildActionMask = 2147483647;
			files = (
				81924DB22A26397400BDA309 /* G.wav in Resources */,
				81924DAC2A26397400BDA309 /* A.wav in Resources */,
				81924D9E2A26390300BDA309 /* Preview Assets.xcassets in Resources */,
				81924D9B2A26390300BDA309 /* Assets.xcassets in Resources */,
				81924DAF2A26397400BDA309 /* D.wav in Resources */,
				8109C97B2A7C6C970096DD64 /* Handlee-Regular.ttf in Resources */,
				81924DAD2A26397400BDA309 /* B.wav in Resources */,
				81924DB02A26397400BDA309 /* E.wav in Resources */,
				81924DAE2A26397400BDA309 /* C.wav in Resources */,
				81924DB12A26397400BDA309 /* F.wav in Resources */,
			);
			runOnlyForDeploymentPostprocessing = 0;
		};
/* End PBXResourcesBuildPhase section */

/* Begin PBXShellScriptBuildPhase section */
		8121C85D2A4E3D4B00CF105A /* SwiftLint */ = {
			isa = PBXShellScriptBuildPhase;
			alwaysOutOfDate = 1;
			buildActionMask = 2147483647;
			files = (
			);
			inputFileListPaths = (
			);
			inputPaths = (
			);
			name = SwiftLint;
			outputFileListPaths = (
			);
			outputPaths = (
			);
			runOnlyForDeploymentPostprocessing = 0;
			shellPath = /bin/sh;
			shellScript = "if [[ \"$(uname -m)\" == arm64 ]]; then\n    export PATH=\"/opt/homebrew/bin:$PATH\"\nfi\n\nif which swiftlint > /dev/null; then\n  swiftlint\nelse\n  echo \"warning: SwiftLint not installed, download from https://github.com/realm/SwiftLint\"\nfi\n";
		};
/* End PBXShellScriptBuildPhase section */

/* Begin PBXSourcesBuildPhase section */
		81924D8F2A26390100BDA309 /* Sources */ = {
			isa = PBXSourcesBuildPhase;
			buildActionMask = 2147483647;
			files = (
				81924DB42A26454500BDA309 /* AudioManager.swift in Sources */,
				8109C9752A7C4BA10096DD64 /* SplashView.swift in Sources */,
				8109C9772A7C67040096DD64 /* KeyView.swift in Sources */,
				81924D992A26390100BDA309 /* ContentView.swift in Sources */,
				81924D972A26390100BDA309 /* XylophoneApp.swift in Sources */,
				8109C9792A7C67850096DD64 /* ColorLibrary.swift in Sources */,
			);
			runOnlyForDeploymentPostprocessing = 0;
		};
/* End PBXSourcesBuildPhase section */

/* Begin XCBuildConfiguration section */
		81924D9F2A26390300BDA309 /* Debug */ = {
			isa = XCBuildConfiguration;
			buildSettings = {
				ALWAYS_SEARCH_USER_PATHS = NO;
				CLANG_ANALYZER_NONNULL = YES;
				CLANG_ANALYZER_NUMBER_OBJECT_CONVERSION = YES_AGGRESSIVE;
				CLANG_CXX_LANGUAGE_STANDARD = "gnu++20";
				CLANG_ENABLE_MODULES = YES;
				CLANG_ENABLE_OBJC_ARC = YES;
				CLANG_ENABLE_OBJC_WEAK = YES;
				CLANG_WARN_BLOCK_CAPTURE_AUTORELEASING = YES;
				CLANG_WARN_BOOL_CONVERSION = YES;
				CLANG_WARN_COMMA = YES;
				CLANG_WARN_CONSTANT_CONVERSION = YES;
				CLANG_WARN_DEPRECATED_OBJC_IMPLEMENTATIONS = YES;
				CLANG_WARN_DIRECT_OBJC_ISA_USAGE = YES_ERROR;
				CLANG_WARN_DOCUMENTATION_COMMENTS = YES;
				CLANG_WARN_EMPTY_BODY = YES;
				CLANG_WARN_ENUM_CONVERSION = YES;
				CLANG_WARN_INFINITE_RECURSION = YES;
				CLANG_WARN_INT_CONVERSION = YES;
				CLANG_WARN_NON_LITERAL_NULL_CONVERSION = YES;
				CLANG_WARN_OBJC_IMPLICIT_RETAIN_SELF = YES;
				CLANG_WARN_OBJC_LITERAL_CONVERSION = YES;
				CLANG_WARN_OBJC_ROOT_CLASS = YES_ERROR;
				CLANG_WARN_QUOTED_INCLUDE_IN_FRAMEWORK_HEADER = YES;
				CLANG_WARN_RANGE_LOOP_ANALYSIS = YES;
				CLANG_WARN_STRICT_PROTOTYPES = YES;
				CLANG_WARN_SUSPICIOUS_MOVE = YES;
				CLANG_WARN_UNGUARDED_AVAILABILITY = YES_AGGRESSIVE;
				CLANG_WARN_UNREACHABLE_CODE = YES;
				CLANG_WARN__DUPLICATE_METHOD_MATCH = YES;
				COPY_PHASE_STRIP = NO;
				DEBUG_INFORMATION_FORMAT = dwarf;
				ENABLE_STRICT_OBJC_MSGSEND = YES;
				ENABLE_TESTABILITY = YES;
				GCC_C_LANGUAGE_STANDARD = gnu11;
				GCC_DYNAMIC_NO_PIC = NO;
				GCC_NO_COMMON_BLOCKS = YES;
				GCC_OPTIMIZATION_LEVEL = 0;
				GCC_PREPROCESSOR_DEFINITIONS = (
					"DEBUG=1",
					"$(inherited)",
				);
				GCC_WARN_64_TO_32_BIT_CONVERSION = YES;
				GCC_WARN_ABOUT_RETURN_TYPE = YES_ERROR;
				GCC_WARN_UNDECLARED_SELECTOR = YES;
				GCC_WARN_UNINITIALIZED_AUTOS = YES_AGGRESSIVE;
				GCC_WARN_UNUSED_FUNCTION = YES;
				GCC_WARN_UNUSED_VARIABLE = YES;
				IPHONEOS_DEPLOYMENT_TARGET = 16.4;
				MTL_ENABLE_DEBUG_INFO = INCLUDE_SOURCE;
				MTL_FAST_MATH = YES;
				ONLY_ACTIVE_ARCH = YES;
				SDKROOT = iphoneos;
				SWIFT_ACTIVE_COMPILATION_CONDITIONS = DEBUG;
				SWIFT_OPTIMIZATION_LEVEL = "-Onone";
			};
			name = Debug;
		};
		81924DA02A26390300BDA309 /* Release */ = {
			isa = XCBuildConfiguration;
			buildSettings = {
				ALWAYS_SEARCH_USER_PATHS = NO;
				CLANG_ANALYZER_NONNULL = YES;
				CLANG_ANALYZER_NUMBER_OBJECT_CONVERSION = YES_AGGRESSIVE;
				CLANG_CXX_LANGUAGE_STANDARD = "gnu++20";
				CLANG_ENABLE_MODULES = YES;
				CLANG_ENABLE_OBJC_ARC = YES;
				CLANG_ENABLE_OBJC_WEAK = YES;
				CLANG_WARN_BLOCK_CAPTURE_AUTORELEASING = YES;
				CLANG_WARN_BOOL_CONVERSION = YES;
				CLANG_WARN_COMMA = YES;
				CLANG_WARN_CONSTANT_CONVERSION = YES;
				CLANG_WARN_DEPRECATED_OBJC_IMPLEMENTATIONS = YES;
				CLANG_WARN_DIRECT_OBJC_ISA_USAGE = YES_ERROR;
				CLANG_WARN_DOCUMENTATION_COMMENTS = YES;
				CLANG_WARN_EMPTY_BODY = YES;
				CLANG_WARN_ENUM_CONVERSION = YES;
				CLANG_WARN_INFINITE_RECURSION = YES;
				CLANG_WARN_INT_CONVERSION = YES;
				CLANG_WARN_NON_LITERAL_NULL_CONVERSION = YES;
				CLANG_WARN_OBJC_IMPLICIT_RETAIN_SELF = YES;
				CLANG_WARN_OBJC_LITERAL_CONVERSION = YES;
				CLANG_WARN_OBJC_ROOT_CLASS = YES_ERROR;
				CLANG_WARN_QUOTED_INCLUDE_IN_FRAMEWORK_HEADER = YES;
				CLANG_WARN_RANGE_LOOP_ANALYSIS = YES;
				CLANG_WARN_STRICT_PROTOTYPES = YES;
				CLANG_WARN_SUSPICIOUS_MOVE = YES;
				CLANG_WARN_UNGUARDED_AVAILABILITY = YES_AGGRESSIVE;
				CLANG_WARN_UNREACHABLE_CODE = YES;
				CLANG_WARN__DUPLICATE_METHOD_MATCH = YES;
				COPY_PHASE_STRIP = NO;
				DEBUG_INFORMATION_FORMAT = "dwarf-with-dsym";
				ENABLE_NS_ASSERTIONS = NO;
				ENABLE_STRICT_OBJC_MSGSEND = YES;
				GCC_C_LANGUAGE_STANDARD = gnu11;
				GCC_NO_COMMON_BLOCKS = YES;
				GCC_WARN_64_TO_32_BIT_CONVERSION = YES;
				GCC_WARN_ABOUT_RETURN_TYPE = YES_ERROR;
				GCC_WARN_UNDECLARED_SELECTOR = YES;
				GCC_WARN_UNINITIALIZED_AUTOS = YES_AGGRESSIVE;
				GCC_WARN_UNUSED_FUNCTION = YES;
				GCC_WARN_UNUSED_VARIABLE = YES;
				IPHONEOS_DEPLOYMENT_TARGET = 16.4;
				MTL_ENABLE_DEBUG_INFO = NO;
				MTL_FAST_MATH = YES;
				SDKROOT = iphoneos;
				SWIFT_COMPILATION_MODE = wholemodule;
				SWIFT_OPTIMIZATION_LEVEL = "-O";
				VALIDATE_PRODUCT = YES;
			};
			name = Release;
		};
		81924DA22A26390300BDA309 /* Debug */ = {
			isa = XCBuildConfiguration;
			buildSettings = {
				ASSETCATALOG_COMPILER_APPICON_NAME = AppIcon;
				ASSETCATALOG_COMPILER_GLOBAL_ACCENT_COLOR_NAME = AccentColor;
				CODE_SIGN_STYLE = Automatic;
				CURRENT_PROJECT_VERSION = 1;
				DEVELOPMENT_ASSET_PATHS = "\"Xylophone/Preview Content\"";
				DEVELOPMENT_TEAM = HJ5KH98N5D;
				ENABLE_PREVIEWS = YES;
				GENERATE_INFOPLIST_FILE = YES;
				INFOPLIST_FILE = Xylophone/Info.plist;
				INFOPLIST_KEY_UIApplicationSceneManifest_Generation = YES;
				INFOPLIST_KEY_UIApplicationSupportsIndirectInputEvents = YES;
				INFOPLIST_KEY_UILaunchScreen_Generation = YES;
				INFOPLIST_KEY_UISupportedInterfaceOrientations_iPad = "UIInterfaceOrientationPortrait UIInterfaceOrientationPortraitUpsideDown UIInterfaceOrientationLandscapeLeft UIInterfaceOrientationLandscapeRight";
				INFOPLIST_KEY_UISupportedInterfaceOrientations_iPhone = "UIInterfaceOrientationPortrait UIInterfaceOrientationLandscapeLeft UIInterfaceOrientationLandscapeRight";
				LD_RUNPATH_SEARCH_PATHS = (
					"$(inherited)",
					"@executable_path/Frameworks",
				);
				MARKETING_VERSION = 1.0;
				PRODUCT_BUNDLE_IDENTIFIER = FishPeopleApps.Xylophone;
				PRODUCT_NAME = "$(TARGET_NAME)";
				SWIFT_EMIT_LOC_STRINGS = YES;
				SWIFT_VERSION = 5.0;
				TARGETED_DEVICE_FAMILY = "1,2";
			};
			name = Debug;
		};
		81924DA32A26390300BDA309 /* Release */ = {
			isa = XCBuildConfiguration;
			buildSettings = {
				ASSETCATALOG_COMPILER_APPICON_NAME = AppIcon;
				ASSETCATALOG_COMPILER_GLOBAL_ACCENT_COLOR_NAME = AccentColor;
				CODE_SIGN_STYLE = Automatic;
				CURRENT_PROJECT_VERSION = 1;
				DEVELOPMENT_ASSET_PATHS = "\"Xylophone/Preview Content\"";
				DEVELOPMENT_TEAM = HJ5KH98N5D;
				ENABLE_PREVIEWS = YES;
				GENERATE_INFOPLIST_FILE = YES;
				INFOPLIST_FILE = Xylophone/Info.plist;
				INFOPLIST_KEY_UIApplicationSceneManifest_Generation = YES;
				INFOPLIST_KEY_UIApplicationSupportsIndirectInputEvents = YES;
				INFOPLIST_KEY_UILaunchScreen_Generation = YES;
				INFOPLIST_KEY_UISupportedInterfaceOrientations_iPad = "UIInterfaceOrientationPortrait UIInterfaceOrientationPortraitUpsideDown UIInterfaceOrientationLandscapeLeft UIInterfaceOrientationLandscapeRight";
				INFOPLIST_KEY_UISupportedInterfaceOrientations_iPhone = "UIInterfaceOrientationPortrait UIInterfaceOrientationLandscapeLeft UIInterfaceOrientationLandscapeRight";
				LD_RUNPATH_SEARCH_PATHS = (
					"$(inherited)",
					"@executable_path/Frameworks",
				);
				MARKETING_VERSION = 1.0;
				PRODUCT_BUNDLE_IDENTIFIER = FishPeopleApps.Xylophone;
				PRODUCT_NAME = "$(TARGET_NAME)";
				SWIFT_EMIT_LOC_STRINGS = YES;
				SWIFT_VERSION = 5.0;
				TARGETED_DEVICE_FAMILY = "1,2";
			};
			name = Release;
		};
/* End XCBuildConfiguration section */

/* Begin XCConfigurationList section */
		81924D8E2A26390100BDA309 /* Build configuration list for PBXProject "Xylophone" */ = {
			isa = XCConfigurationList;
			buildConfigurations = (
				81924D9F2A26390300BDA309 /* Debug */,
				81924DA02A26390300BDA309 /* Release */,
			);
			defaultConfigurationIsVisible = 0;
			defaultConfigurationName = Release;
		};
		81924DA12A26390300BDA309 /* Build configuration list for PBXNativeTarget "Xylophone" */ = {
			isa = XCConfigurationList;
			buildConfigurations = (
				81924DA22A26390300BDA309 /* Debug */,
				81924DA32A26390300BDA309 /* Release */,
			);
			defaultConfigurationIsVisible = 0;
			defaultConfigurationName = Release;
		};
/* End XCConfigurationList section */
	};
	rootObject = 81924D8B2A26390100BDA309 /* Project object */;
}
